
Microsoft Visual Studio Solution File, Format Version 12.00
# Visual Studio Version 17
VisualStudioVersion = 17.9.34607.119
MinimumVisualStudioVersion = 10.0.40219.1
Project("{FAE04EC0-301F-11D3-BF4B-00C04F79EFBC}") = "June20Test", "June20Test.csproj", "{704BFDAB-198B-40B1-A858-04E0FB266D15}"
EndProject
Global
	GlobalSection(SolutionConfigurationPlatforms) = preSolution
		Debug|Any CPU = Debug|Any CPU
		Release|Any CPU = Release|Any CPU
	EndGlobalSection
	GlobalSection(ProjectConfigurationPlatforms) = postSolution
		{704BFDAB-198B-40B1-A858-04E0FB266D15}.Debug|Any CPU.ActiveCfg = Debug|Any CPU
		{704BFDAB-198B-40B1-A858-04E0FB266D15}.Debug|Any CPU.Build.0 = Debug|Any CPU
		{704BFDAB-198B-40B1-A858-04E0FB266D15}.Release|Any CPU.ActiveCfg = Release|Any CPU
		{704BFDAB-198B-40B1-A858-04E0FB266D15}.Release|Any CPU.Build.0 = Release|Any CPU
	EndGlobalSection
	GlobalSection(SolutionProperties) = preSolution
		HideSolutionNode = FALSE
	EndGlobalSection
	GlobalSection(ExtensibilityGlobals) = postSolution
		SolutionGuid = {02245800-EE74-4E1E-B756-4624DE5F1AF8}
	EndGlobalSection
EndGlobal
